
Microsoft Visual Studio Solution File, Format Version 12.00
# Visual Studio 15
VisualStudioVersion = 15.0.27004.2002
MinimumVisualStudioVersion = 10.0.40219.1
Project("{888888A0-9F3D-457C-B088-3A5042F75D52}") = "DeepLearningByMichaelNielsen", "DeepLearningByMichaelNielsen\DeepLearningByMichaelNielsen.pyproj", "{63CE5866-6D04-41BC-BB94-7779862A17A9}"
EndProject
Global
	GlobalSection(SolutionConfigurationPlatforms) = preSolution
		Debug|Any CPU = Debug|Any CPU
		Release|Any CPU = Release|Any CPU
	EndGlobalSection
	GlobalSection(ProjectConfigurationPlatforms) = postSolution
		{63CE5866-6D04-41BC-BB94-7779862A17A9}.Debug|Any CPU.ActiveCfg = Debug|Any CPU
		{63CE5866-6D04-41BC-BB94-7779862A17A9}.Release|Any CPU.ActiveCfg = Release|Any CPU
	EndGlobalSection
	GlobalSection(SolutionProperties) = preSolution
		HideSolutionNode = FALSE
	EndGlobalSection
	GlobalSection(ExtensibilityGlobals) = postSolution
		SolutionGuid = {B20FC09F-6CB5-4376-AC1F-899FE9573A44}
	EndGlobalSection
EndGlobal
